
Microsoft Visual Studio Solution File, Format Version 12.00
# Visual Studio Version 17
VisualStudioVersion = 17.5.33424.131
MinimumVisualStudioVersion = 10.0.40219.1
Project("{FAE04EC0-301F-11D3-BF4B-00C04F79EFBC}") = "Enoca.DatabaseManagment", "Enoca.DatabaseManagment\Enoca.DatabaseManagment.csproj", "{3B7F9FB4-8102-4CC8-A17A-B4C25FDE399A}"
EndProject
Project("{FAE04EC0-301F-11D3-BF4B-00C04F79EFBC}") = "Enoca.AuthhenticationService", "Enoca.AuthhenticationService\Enoca.AuthhenticationService.csproj", "{18913656-7D5E-47D5-816B-DB8A51BF1662}"
EndProject
Project("{FAE04EC0-301F-11D3-BF4B-00C04F79EFBC}") = "Enoca.UserManagmentService", "Enoca.UserManagmentService\Enoca.UserManagmentService.csproj", "{2C9462B1-18D0-426C-9918-8834D30AA57B}"
EndProject
Project("{FAE04EC0-301F-11D3-BF4B-00C04F79EFBC}") = "Enoca.APIGateway", "Enoca.APIGateway\Enoca.APIGateway.csproj", "{501DC0FC-89DB-4DB5-8608-737226B60AA5}"
EndProject
Project("{FAE04EC0-301F-11D3-BF4B-00C04F79EFBC}") = "Enoca.WebApp", "Enoca.WebApp\Enoca.WebApp.csproj", "{DA769B59-A2CB-48A2-922C-7E5A776E7E43}"
EndProject
Global
	GlobalSection(SolutionConfigurationPlatforms) = preSolution
		Debug|Any CPU = Debug|Any CPU
		Release|Any CPU = Release|Any CPU
	EndGlobalSection
	GlobalSection(ProjectConfigurationPlatforms) = postSolution
		{3B7F9FB4-8102-4CC8-A17A-B4C25FDE399A}.Debug|Any CPU.ActiveCfg = Debug|Any CPU
		{3B7F9FB4-8102-4CC8-A17A-B4C25FDE399A}.Debug|Any CPU.Build.0 = Debug|Any CPU
		{3B7F9FB4-8102-4CC8-A17A-B4C25FDE399A}.Release|Any CPU.ActiveCfg = Release|Any CPU
		{3B7F9FB4-8102-4CC8-A17A-B4C25FDE399A}.Release|Any CPU.Build.0 = Release|Any CPU
		{18913656-7D5E-47D5-816B-DB8A51BF1662}.Debug|Any CPU.ActiveCfg = Debug|Any CPU
		{18913656-7D5E-47D5-816B-DB8A51BF1662}.Debug|Any CPU.Build.0 = Debug|Any CPU
		{18913656-7D5E-47D5-816B-DB8A51BF1662}.Release|Any CPU.ActiveCfg = Release|Any CPU
		{18913656-7D5E-47D5-816B-DB8A51BF1662}.Release|Any CPU.Build.0 = Release|Any CPU
		{2C9462B1-18D0-426C-9918-8834D30AA57B}.Debug|Any CPU.ActiveCfg = Debug|Any CPU
		{2C9462B1-18D0-426C-9918-8834D30AA57B}.Debug|Any CPU.Build.0 = Debug|Any CPU
		{2C9462B1-18D0-426C-9918-8834D30AA57B}.Release|Any CPU.ActiveCfg = Release|Any CPU
		{2C9462B1-18D0-426C-9918-8834D30AA57B}.Release|Any CPU.Build.0 = Release|Any CPU
		{501DC0FC-89DB-4DB5-8608-737226B60AA5}.Debug|Any CPU.ActiveCfg = Debug|Any CPU
		{501DC0FC-89DB-4DB5-8608-737226B60AA5}.Debug|Any CPU.Build.0 = Debug|Any CPU
		{501DC0FC-89DB-4DB5-8608-737226B60AA5}.Release|Any CPU.ActiveCfg = Release|Any CPU
		{501DC0FC-89DB-4DB5-8608-737226B60AA5}.Release|Any CPU.Build.0 = Release|Any CPU
		{DA769B59-A2CB-48A2-922C-7E5A776E7E43}.Debug|Any CPU.ActiveCfg = Debug|Any CPU
		{DA769B59-A2CB-48A2-922C-7E5A776E7E43}.Debug|Any CPU.Build.0 = Debug|Any CPU
		{DA769B59-A2CB-48A2-922C-7E5A776E7E43}.Release|Any CPU.ActiveCfg = Release|Any CPU
		{DA769B59-A2CB-48A2-922C-7E5A776E7E43}.Release|Any CPU.Build.0 = Release|Any CPU
	EndGlobalSection
	GlobalSection(SolutionProperties) = preSolution
		HideSolutionNode = FALSE
	EndGlobalSection
	GlobalSection(ExtensibilityGlobals) = postSolution
		SolutionGuid = {47AAAE09-05FB-47CE-9E55-CFE1E99E5A7E}
	EndGlobalSection
EndGlobal
